
Microsoft Visual Studio Solution File, Format Version 12.00
# Visual Studio Version 16
VisualStudioVersion = 16.0.32126.315
MinimumVisualStudioVersion = 10.0.40219.1
Project("{FAE04EC0-301F-11D3-BF4B-00C04F79EFBC}") = "CIS560 Project", "CIS560 Project\CIS560 Project.csproj", "{5E742623-D514-44A0-BCE7-FB682CE836A2}"
EndProject
Global
	GlobalSection(SolutionConfigurationPlatforms) = preSolution
		Debug|Any CPU = Debug|Any CPU
		Release|Any CPU = Release|Any CPU
	EndGlobalSection
	GlobalSection(ProjectConfigurationPlatforms) = postSolution
		{5E742623-D514-44A0-BCE7-FB682CE836A2}.Debug|Any CPU.ActiveCfg = Debug|Any CPU
		{5E742623-D514-44A0-BCE7-FB682CE836A2}.Debug|Any CPU.Build.0 = Debug|Any CPU
		{5E742623-D514-44A0-BCE7-FB682CE836A2}.Release|Any CPU.ActiveCfg = Release|Any CPU
		{5E742623-D514-44A0-BCE7-FB682CE836A2}.Release|Any CPU.Build.0 = Release|Any CPU
	EndGlobalSection
	GlobalSection(SolutionProperties) = preSolution
		HideSolutionNode = FALSE
	EndGlobalSection
	GlobalSection(ExtensibilityGlobals) = postSolution
		SolutionGuid = {12B950EC-5EF9-4B6B-B6E0-DEE50AF9C9E2}
	EndGlobalSection
EndGlobal
