
Microsoft Visual Studio Solution File, Format Version 12.00
# Visual Studio Version 16
VisualStudioVersion = 16.0.32126.315
MinimumVisualStudioVersion = 10.0.40219.1
Project("{FAE04EC0-301F-11D3-BF4B-00C04F79EFBC}") = "CIS560 Project", "CIS560 Project\CIS560 Project.csproj", "{5E742623-D514-44A0-BCE7-FB682CE836A2}"
EndProject
Project("{FAE04EC0-301F-11D3-BF4B-00C04F79EFBC}") = "DataAccess", "DataAccess\DataAccess.csproj", "{845E2A2E-BD4F-4C0D-BA25-DBA5CE0B16AE}"
EndProject
Project("{2150E333-8FDC-42A3-9474-1A3956D46DE8}") = "Solution Items", "Solution Items", "{C89D1311-33BE-4AC5-B572-5D34E6475E3C}"
	ProjectSection(SolutionItems) = preProject
		RebuildDatabase.ps1 = RebuildDatabase.ps1
	EndProjectSection
EndProject
Project("{2150E333-8FDC-42A3-9474-1A3956D46DE8}") = "Scripts", "Scripts", "{F8CFF6D5-6B7F-4096-B730-138C8FF7AED6}"
	ProjectSection(SolutionItems) = preProject
		Scripts\CreateDatabase.ps1 = Scripts\CreateDatabase.ps1
		Scripts\CreateDatabase.sql = Scripts\CreateDatabase.sql
		Scripts\DropDatabase.ps1 = Scripts\DropDatabase.ps1
	EndProjectSection
EndProject
Global
	GlobalSection(SolutionConfigurationPlatforms) = preSolution
		Debug|Any CPU = Debug|Any CPU
		Release|Any CPU = Release|Any CPU
	EndGlobalSection
	GlobalSection(ProjectConfigurationPlatforms) = postSolution
		{5E742623-D514-44A0-BCE7-FB682CE836A2}.Debug|Any CPU.ActiveCfg = Debug|Any CPU
		{5E742623-D514-44A0-BCE7-FB682CE836A2}.Debug|Any CPU.Build.0 = Debug|Any CPU
		{5E742623-D514-44A0-BCE7-FB682CE836A2}.Release|Any CPU.ActiveCfg = Release|Any CPU
		{5E742623-D514-44A0-BCE7-FB682CE836A2}.Release|Any CPU.Build.0 = Release|Any CPU
		{845E2A2E-BD4F-4C0D-BA25-DBA5CE0B16AE}.Debug|Any CPU.ActiveCfg = Debug|Any CPU
		{845E2A2E-BD4F-4C0D-BA25-DBA5CE0B16AE}.Debug|Any CPU.Build.0 = Debug|Any CPU
		{845E2A2E-BD4F-4C0D-BA25-DBA5CE0B16AE}.Release|Any CPU.ActiveCfg = Release|Any CPU
		{845E2A2E-BD4F-4C0D-BA25-DBA5CE0B16AE}.Release|Any CPU.Build.0 = Release|Any CPU
	EndGlobalSection
	GlobalSection(SolutionProperties) = preSolution
		HideSolutionNode = FALSE
	EndGlobalSection
	GlobalSection(NestedProjects) = preSolution
		{F8CFF6D5-6B7F-4096-B730-138C8FF7AED6} = {C89D1311-33BE-4AC5-B572-5D34E6475E3C}
	EndGlobalSection
	GlobalSection(ExtensibilityGlobals) = postSolution
		SolutionGuid = {12B950EC-5EF9-4B6B-B6E0-DEE50AF9C9E2}
	EndGlobalSection
EndGlobal
